
Microsoft Visual Studio Solution File, Format Version 12.00
# Visual Studio Version 17
VisualStudioVersion = 17.13.35931.197 d17.13
MinimumVisualStudioVersion = 10.0.40219.1
Project("{FAE04EC0-301F-11D3-BF4B-00C04F79EFBC}") = "AlianBlaster", "AlianBlaster\AlianBlaster.csproj", "{7F0F86D1-3870-4C85-A11C-21487BA83A1A}"
EndProject
Global
	GlobalSection(SolutionConfigurationPlatforms) = preSolution
		Debug|Any CPU = Debug|Any CPU
		Release|Any CPU = Release|Any CPU
	EndGlobalSection
	GlobalSection(ProjectConfigurationPlatforms) = postSolution
		{7F0F86D1-3870-4C85-A11C-21487BA83A1A}.Debug|Any CPU.ActiveCfg = Debug|Any CPU
		{7F0F86D1-3870-4C85-A11C-21487BA83A1A}.Debug|Any CPU.Build.0 = Debug|Any CPU
		{7F0F86D1-3870-4C85-A11C-21487BA83A1A}.Release|Any CPU.ActiveCfg = Release|Any CPU
		{7F0F86D1-3870-4C85-A11C-21487BA83A1A}.Release|Any CPU.Build.0 = Release|Any CPU
	EndGlobalSection
	GlobalSection(SolutionProperties) = preSolution
		HideSolutionNode = FALSE
	EndGlobalSection
	GlobalSection(ExtensibilityGlobals) = postSolution
		SolutionGuid = {C745A262-3095-4F26-A46C-83FA29FEE89C}
	EndGlobalSection
EndGlobal
